{
  "requires": true,
  "lockfileVersion": 1,
  "dependencies": {
    "github-api": {
      "version": "github:tomashubelbauer/github-api#d34ec36dceed3b838180459449f6c8fa4f4bf2c9",
      "from": "github:tomashubelbauer/github-api",
      "requires": {
        "node-fetch": "^2.6.0"
      }
    },
    "node-fetch": {
      "version": "2.6.0",
      "resolved": "https://registry.npmjs.org/node-fetch/-/node-fetch-2.6.0.tgz",
      "integrity": "sha512-8dG4H5ujfvFiqDmVu9fQ5bOHUC15JMjMY/Zumv26oOvvVJjM67KF8koCWIabKQ1GJIa9r2mMZscBq/TbdOcmNA=="
    }
  }
}
